
Microsoft Visual Studio Solution File, Format Version 12.00
# Visual Studio Version 17
VisualStudioVersion = 17.2.32630.192
MinimumVisualStudioVersion = 10.0.40219.1
Project("{FAE04EC0-301F-11D3-BF4B-00C04F79EFBC}") = "SMSBoomGUI", "SMSBoomGUI.csproj", "{82D77C01-8C8C-41BF-B163-1427F730446E}"
EndProject
Global
	GlobalSection(SolutionConfigurationPlatforms) = preSolution
		Debug|Any CPU = Debug|Any CPU
		Release|Any CPU = Release|Any CPU
	EndGlobalSection
	GlobalSection(ProjectConfigurationPlatforms) = postSolution
		{82D77C01-8C8C-41BF-B163-1427F730446E}.Debug|Any CPU.ActiveCfg = Debug|Any CPU
		{82D77C01-8C8C-41BF-B163-1427F730446E}.Debug|Any CPU.Build.0 = Debug|Any CPU
		{82D77C01-8C8C-41BF-B163-1427F730446E}.Release|Any CPU.ActiveCfg = Release|Any CPU
		{82D77C01-8C8C-41BF-B163-1427F730446E}.Release|Any CPU.Build.0 = Release|Any CPU
	EndGlobalSection
	GlobalSection(SolutionProperties) = preSolution
		HideSolutionNode = FALSE
	EndGlobalSection
	GlobalSection(ExtensibilityGlobals) = postSolution
		SolutionGuid = {2B82BB01-672E-4010-99B2-BC28EA35443E}
	EndGlobalSection
EndGlobal
